// !$*UTF8*$!
{
	archiveVersion = 1;
	classes = {
	};
	objectVersion = 46;
	objects = {

/* Begin PBXBuildFile section */
		3FC926A61D6FE66000148079 /* AppDelegate.swift in Sources */ = {isa = PBXBuildFile; fileRef = 3FC926A51D6FE66000148079 /* AppDelegate.swift */; };
		3FC926A81D6FE66000148079 /* ViewController.swift in Sources */ = {isa = PBXBuildFile; fileRef = 3FC926A71D6FE66000148079 /* ViewController.swift */; };
		3FC926AB1D6FE66000148079 /* Main.storyboard in Resources */ = {isa = PBXBuildFile; fileRef = 3FC926A91D6FE66000148079 /* Main.storyboard */; };
		3FC926AE1D6FE66000148079 /* LoginDemo.xcdatamodeld in Sources */ = {isa = PBXBuildFile; fileRef = 3FC926AC1D6FE66000148079 /* LoginDemo.xcdatamodeld */; };
		3FC926B01D6FE66000148079 /* Assets.xcassets in Resources */ = {isa = PBXBuildFile; fileRef = 3FC926AF1D6FE66000148079 /* Assets.xcassets */; };
		3FC926B31D6FE66000148079 /* LaunchScreen.storyboard in Resources */ = {isa = PBXBuildFile; fileRef = 3FC926B11D6FE66000148079 /* LaunchScreen.storyboard */; };
		3FC926BE1D6FE66000148079 /* LoginDemoTests.swift in Sources */ = {isa = PBXBuildFile; fileRef = 3FC926BD1D6FE66000148079 /* LoginDemoTests.swift */; };
		3FC926C91D6FE66000148079 /* LoginDemoUITests.swift in Sources */ = {isa = PBXBuildFile; fileRef = 3FC926C81D6FE66000148079 /* LoginDemoUITests.swift */; };
		3FC926D91D6FE8FA00148079 /* ObjcLoginViewController.m in Sources */ = {isa = PBXBuildFile; fileRef = 3FC926D81D6FE8FA00148079 /* ObjcLoginViewController.m */; };
/* End PBXBuildFile section */

/* Begin PBXContainerItemProxy section */
		3FC926BA1D6FE66000148079 /* PBXContainerItemProxy */ = {
			isa = PBXContainerItemProxy;
			containerPortal = 3FC9269A1D6FE66000148079 /* Project object */;
			proxyType = 1;
			remoteGlobalIDString = 3FC926A11D6FE66000148079;
			remoteInfo = LoginDemo;
		};
		3FC926C51D6FE66000148079 /* PBXContainerItemProxy */ = {
			isa = PBXContainerItemProxy;
			containerPortal = 3FC9269A1D6FE66000148079 /* Project object */;
			proxyType = 1;
			remoteGlobalIDString = 3FC926A11D6FE66000148079;
			remoteInfo = LoginDemo;
		};
/* End PBXContainerItemProxy section */

/* Begin PBXFileReference section */
		3FC926A21D6FE66000148079 /* LoginDemo.app */ = {isa = PBXFileReference; explicitFileType = wrapper.application; includeInIndex = 0; path = LoginDemo.app; sourceTree = BUILT_PRODUCTS_DIR; };
		3FC926A51D6FE66000148079 /* AppDelegate.swift */ = {isa = PBXFileReference; lastKnownFileType = sourcecode.swift; path = AppDelegate.swift; sourceTree = "<group>"; };
		3FC926A71D6FE66000148079 /* ViewController.swift */ = {isa = PBXFileReference; lastKnownFileType = sourcecode.swift; path = ViewController.swift; sourceTree = "<group>"; };
		3FC926AA1D6FE66000148079 /* Base */ = {isa = PBXFileReference; lastKnownFileType = file.storyboard; name = Base; path = Base.lproj/Main.storyboard; sourceTree = "<group>"; };
		3FC926AD1D6FE66000148079 /* LoginDemo.xcdatamodel */ = {isa = PBXFileReference; lastKnownFileType = wrapper.xcdatamodel; path = LoginDemo.xcdatamodel; sourceTree = "<group>"; };
		3FC926AF1D6FE66000148079 /* Assets.xcassets */ = {isa = PBXFileReference; lastKnownFileType = folder.assetcatalog; path = Assets.xcassets; sourceTree = "<group>"; };
		3FC926B21D6FE66000148079 /* Base */ = {isa = PBXFileReference; lastKnownFileType = file.storyboard; name = Base; path = Base.lproj/LaunchScreen.storyboard; sourceTree = "<group>"; };
		3FC926B41D6FE66000148079 /* Info.plist */ = {isa = PBXFileReference; lastKnownFileType = text.plist.xml; path = Info.plist; sourceTree = "<group>"; };
		3FC926B91D6FE66000148079 /* LoginDemoTests.xctest */ = {isa = PBXFileReference; explicitFileType = wrapper.cfbundle; includeInIndex = 0; path = LoginDemoTests.xctest; sourceTree = BUILT_PRODUCTS_DIR; };
		3FC926BD1D6FE66000148079 /* LoginDemoTests.swift */ = {isa = PBXFileReference; lastKnownFileType = sourcecode.swift; path = LoginDemoTests.swift; sourceTree = "<group>"; };
		3FC926BF1D6FE66000148079 /* Info.plist */ = {isa = PBXFileReference; lastKnownFileType = text.plist.xml; path = Info.plist; sourceTree = "<group>"; };
		3FC926C41D6FE66000148079 /* LoginDemoUITests.xctest */ = {isa = PBXFileReference; explicitFileType = wrapper.cfbundle; includeInIndex = 0; path = LoginDemoUITests.xctest; sourceTree = BUILT_PRODUCTS_DIR; };
		3FC926C81D6FE66000148079 /* LoginDemoUITests.swift */ = {isa = PBXFileReference; lastKnownFileType = sourcecode.swift; path = LoginDemoUITests.swift; sourceTree = "<group>"; };
		3FC926CA1D6FE66000148079 /* Info.plist */ = {isa = PBXFileReference; lastKnownFileType = text.plist.xml; path = Info.plist; sourceTree = "<group>"; };
		3FC926D61D6FE8FA00148079 /* LoginDemo-Bridging-Header.h */ = {isa = PBXFileReference; lastKnownFileType = sourcecode.c.h; path = "LoginDemo-Bridging-Header.h"; sourceTree = "<group>"; };
		3FC926D71D6FE8FA00148079 /* ObjcLoginViewController.h */ = {isa = PBXFileReference; fileEncoding = 4; lastKnownFileType = sourcecode.c.h; path = ObjcLoginViewController.h; sourceTree = "<group>"; };
		3FC926D81D6FE8FA00148079 /* ObjcLoginViewController.m */ = {isa = PBXFileReference; fileEncoding = 4; lastKnownFileType = sourcecode.c.objc; path = ObjcLoginViewController.m; sourceTree = "<group>"; };
/* End PBXFileReference section */

/* Begin PBXFrameworksBuildPhase section */
		3FC9269F1D6FE66000148079 /* Frameworks */ = {
			isa = PBXFrameworksBuildPhase;
			buildActionMask = 2147483647;
			files = (
			);
			runOnlyForDeploymentPostprocessing = 0;
		};
		3FC926B61D6FE66000148079 /* Frameworks */ = {
			isa = PBXFrameworksBuildPhase;
			buildActionMask = 2147483647;
			files = (
			);
			runOnlyForDeploymentPostprocessing = 0;
		};
		3FC926C11D6FE66000148079 /* Frameworks */ = {
			isa = PBXFrameworksBuildPhase;
			buildActionMask = 2147483647;
			files = (
			);
			runOnlyForDeploymentPostprocessing = 0;
		};
/* End PBXFrameworksBuildPhase section */

/* Begin PBXGroup section */
		3FC926991D6FE66000148079 = {
			isa = PBXGroup;
			children = (
				3FC926A41D6FE66000148079 /* LoginDemo */,
				3FC926BC1D6FE66000148079 /* LoginDemoTests */,
				3FC926C71D6FE66000148079 /* LoginDemoUITests */,
				3FC926A31D6FE66000148079 /* Products */,
			);
			sourceTree = "<group>";
		};
		3FC926A31D6FE66000148079 /* Products */ = {
			isa = PBXGroup;
			children = (
				3FC926A21D6FE66000148079 /* LoginDemo.app */,
				3FC926B91D6FE66000148079 /* LoginDemoTests.xctest */,
				3FC926C41D6FE66000148079 /* LoginDemoUITests.xctest */,
			);
			name = Products;
			sourceTree = "<group>";
		};
		3FC926A41D6FE66000148079 /* LoginDemo */ = {
			isa = PBXGroup;
			children = (
				3FC926A51D6FE66000148079 /* AppDelegate.swift */,
				3FC926A71D6FE66000148079 /* ViewController.swift */,
				3FC926A91D6FE66000148079 /* Main.storyboard */,
				3FC926AF1D6FE66000148079 /* Assets.xcassets */,
				3FC926B11D6FE66000148079 /* LaunchScreen.storyboard */,
				3FC926B41D6FE66000148079 /* Info.plist */,
				3FC926AC1D6FE66000148079 /* LoginDemo.xcdatamodeld */,
				3FC926D71D6FE8FA00148079 /* ObjcLoginViewController.h */,
				3FC926D81D6FE8FA00148079 /* ObjcLoginViewController.m */,
				3FC926D61D6FE8FA00148079 /* LoginDemo-Bridging-Header.h */,
			);
			path = LoginDemo;
			sourceTree = "<group>";
		};
		3FC926BC1D6FE66000148079 /* LoginDemoTests */ = {
			isa = PBXGroup;
			children = (
				3FC926BD1D6FE66000148079 /* LoginDemoTests.swift */,
				3FC926BF1D6FE66000148079 /* Info.plist */,
			);
			path = LoginDemoTests;
			sourceTree = "<group>";
		};
		3FC926C71D6FE66000148079 /* LoginDemoUITests */ = {
			isa = PBXGroup;
			children = (
				3FC926C81D6FE66000148079 /* LoginDemoUITests.swift */,
				3FC926CA1D6FE66000148079 /* Info.plist */,
			);
			path = LoginDemoUITests;
			sourceTree = "<group>";
		};
/* End PBXGroup section */

/* Begin PBXNativeTarget section */
		3FC926A11D6FE66000148079 /* LoginDemo */ = {
			isa = PBXNativeTarget;
			buildConfigurationList = 3FC926CD1D6FE66000148079 /* Build configuration list for PBXNativeTarget "LoginDemo" */;
			buildPhases = (
				3FC9269E1D6FE66000148079 /* Sources */,
				3FC9269F1D6FE66000148079 /* Frameworks */,
				3FC926A01D6FE66000148079 /* Resources */,
			);
			buildRules = (
			);
			dependencies = (
			);
			name = LoginDemo;
			productName = LoginDemo;
			productReference = 3FC926A21D6FE66000148079 /* LoginDemo.app */;
			productType = "com.apple.product-type.application";
		};
		3FC926B81D6FE66000148079 /* LoginDemoTests */ = {
			isa = PBXNativeTarget;
			buildConfigurationList = 3FC926D01D6FE66000148079 /* Build configuration list for PBXNativeTarget "LoginDemoTests" */;
			buildPhases = (
				3FC926B51D6FE66000148079 /* Sources */,
				3FC926B61D6FE66000148079 /* Frameworks */,
				3FC926B71D6FE66000148079 /* Resources */,
			);
			buildRules = (
			);
			dependencies = (
				3FC926BB1D6FE66000148079 /* PBXTargetDependency */,
			);
			name = LoginDemoTests;
			productName = LoginDemoTests;
			productReference = 3FC926B91D6FE66000148079 /* LoginDemoTests.xctest */;
			productType = "com.apple.product-type.bundle.unit-test";
		};
		3FC926C31D6FE66000148079 /* LoginDemoUITests */ = {
			isa = PBXNativeTarget;
			buildConfigurationList = 3FC926D31D6FE66000148079 /* Build configuration list for PBXNativeTarget "LoginDemoUITests" */;
			buildPhases = (
				3FC926C01D6FE66000148079 /* Sources */,
				3FC926C11D6FE66000148079 /* Frameworks */,
				3FC926C21D6FE66000148079 /* Resources */,
			);
			buildRules = (
			);
			dependencies = (
				3FC926C61D6FE66000148079 /* PBXTargetDependency */,
			);
			name = LoginDemoUITests;
			productName = LoginDemoUITests;
			productReference = 3FC926C41D6FE66000148079 /* LoginDemoUITests.xctest */;
			productType = "com.apple.product-type.bundle.ui-testing";
		};
/* End PBXNativeTarget section */

/* Begin PBXProject section */
		3FC9269A1D6FE66000148079 /* Project object */ = {
			isa = PBXProject;
			attributes = {
				LastSwiftUpdateCheck = 0730;
				LastUpgradeCheck = 0730;
				ORGANIZATIONNAME = MAGICALBOY;
				TargetAttributes = {
					3FC926A11D6FE66000148079 = {
						CreatedOnToolsVersion = 7.3.1;
					};
					3FC926B81D6FE66000148079 = {
						CreatedOnToolsVersion = 7.3.1;
						TestTargetID = 3FC926A11D6FE66000148079;
					};
					3FC926C31D6FE66000148079 = {
						CreatedOnToolsVersion = 7.3.1;
						TestTargetID = 3FC926A11D6FE66000148079;
					};
				};
			};
			buildConfigurationList = 3FC9269D1D6FE66000148079 /* Build configuration list for PBXProject "LoginDemo" */;
			compatibilityVersion = "Xcode 3.2";
			developmentRegion = English;
			hasScannedForEncodings = 0;
			knownRegions = (
				en,
				Base,
			);
			mainGroup = 3FC926991D6FE66000148079;
			productRefGroup = 3FC926A31D6FE66000148079 /* Products */;
			projectDirPath = "";
			projectRoot = "";
			targets = (
				3FC926A11D6FE66000148079 /* LoginDemo */,
				3FC926B81D6FE66000148079 /* LoginDemoTests */,
				3FC926C31D6FE66000148079 /* LoginDemoUITests */,
			);
		};
/* End PBXProject section */

/* Begin PBXResourcesBuildPhase section */
		3FC926A01D6FE66000148079 /* Resources */ = {
			isa = PBXResourcesBuildPhase;
			buildActionMask = 2147483647;
			files = (
				3FC926B31D6FE66000148079 /* LaunchScreen.storyboard in Resources */,
				3FC926B01D6FE66000148079 /* Assets.xcassets in Resources */,
				3FC926AB1D6FE66000148079 /* Main.storyboard in Resources */,
			);
			runOnlyForDeploymentPostprocessing = 0;
		};
		3FC926B71D6FE66000148079 /* Resources */ = {
			isa = PBXResourcesBuildPhase;
			buildActionMask = 2147483647;
			files = (
			);
			runOnlyForDeploymentPostprocessing = 0;
		};
		3FC926C21D6FE66000148079 /* Resources */ = {
			isa = PBXResourcesBuildPhase;
			buildActionMask = 2147483647;
			files = (
			);
			runOnlyForDeploymentPostprocessing = 0;
		};
/* End PBXResourcesBuildPhase section */

/* Begin PBXSourcesBuildPhase section */
		3FC9269E1D6FE66000148079 /* Sources */ = {
			isa = PBXSourcesBuildPhase;
			buildActionMask = 2147483647;
			files = (
				3FC926A81D6FE66000148079 /* ViewController.swift in Sources */,
				3FC926A61D6FE66000148079 /* AppDelegate.swift in Sources */,
				3FC926D91D6FE8FA00148079 /* ObjcLoginViewController.m in Sources */,
				3FC926AE1D6FE66000148079 /* LoginDemo.xcdatamodeld in Sources */,
			);
			runOnlyForDeploymentPostprocessing = 0;
		};
		3FC926B51D6FE66000148079 /* Sources */ = {
			isa = PBXSourcesBuildPhase;
			buildActionMask = 2147483647;
			files = (
				3FC926BE1D6FE66000148079 /* LoginDemoTests.swift in Sources */,
			);
			runOnlyForDeploymentPostprocessing = 0;
		};
		3FC926C01D6FE66000148079 /* Sources */ = {
			isa = PBXSourcesBuildPhase;
			buildActionMask = 2147483647;
			files = (
				3FC926C91D6FE66000148079 /* LoginDemoUITests.swift in Sources */,
			);
			runOnlyForDeploymentPostprocessing = 0;
		};
/* End PBXSourcesBuildPhase section */

/* Begin PBXTargetDependency section */
		3FC926BB1D6FE66000148079 /* PBXTargetDependency */ = {
			isa = PBXTargetDependency;
			target = 3FC926A11D6FE66000148079 /* LoginDemo */;
			targetProxy = 3FC926BA1D6FE66000148079 /* PBXContainerItemProxy */;
		};
		3FC926C61D6FE66000148079 /* PBXTargetDependency */ = {
			isa = PBXTargetDependency;
			target = 3FC926A11D6FE66000148079 /* LoginDemo */;
			targetProxy = 3FC926C51D6FE66000148079 /* PBXContainerItemProxy */;
		};
/* End PBXTargetDependency section */

/* Begin PBXVariantGroup section */
		3FC926A91D6FE66000148079 /* Main.storyboard */ = {
			isa = PBXVariantGroup;
			children = (
				3FC926AA1D6FE66000148079 /* Base */,
			);
			name = Main.storyboard;
			sourceTree = "<group>";
		};
		3FC926B11D6FE66000148079 /* LaunchScreen.storyboard */ = {
			isa = PBXVariantGroup;
			children = (
				3FC926B21D6FE66000148079 /* Base */,
			);
			name = LaunchScreen.storyboard;
			sourceTree = "<group>";
		};
/* End PBXVariantGroup section */

/* Begin XCBuildConfiguration section */
		3FC926CB1D6FE66000148079 /* Debug */ = {
			isa = XCBuildConfiguration;
			buildSettings = {
				ALWAYS_SEARCH_USER_PATHS = NO;
				CLANG_ANALYZER_NONNULL = YES;
				CLANG_CXX_LANGUAGE_STANDARD = "gnu++0x";
				CLANG_CXX_LIBRARY = "libc++";
				CLANG_ENABLE_MODULES = YES;
				CLANG_ENABLE_OBJC_ARC = YES;
				CLANG_WARN_BOOL_CONVERSION = YES;
				CLANG_WARN_CONSTANT_CONVERSION = YES;
				CLANG_WARN_DIRECT_OBJC_ISA_USAGE = YES_ERROR;
				CLANG_WARN_EMPTY_BODY = YES;
				CLANG_WARN_ENUM_CONVERSION = YES;
				CLANG_WARN_INT_CONVERSION = YES;
				CLANG_WARN_OBJC_ROOT_CLASS = YES_ERROR;
				CLANG_WARN_UNREACHABLE_CODE = YES;
				CLANG_WARN__DUPLICATE_METHOD_MATCH = YES;
				"CODE_SIGN_IDENTITY[sdk=iphoneos*]" = "iPhone Developer";
				COPY_PHASE_STRIP = NO;
				DEBUG_INFORMATION_FORMAT = dwarf;
				ENABLE_STRICT_OBJC_MSGSEND = YES;
				ENABLE_TESTABILITY = YES;
				GCC_C_LANGUAGE_STANDARD = gnu99;
				GCC_DYNAMIC_NO_PIC = NO;
				GCC_NO_COMMON_BLOCKS = YES;
				GCC_OPTIMIZATION_LEVEL = 0;
				GCC_PREPROCESSOR_DEFINITIONS = (
					"DEBUG=1",
					"$(inherited)",
				);
				GCC_WARN_64_TO_32_BIT_CONVERSION = YES;
				GCC_WARN_ABOUT_RETURN_TYPE = YES_ERROR;
				GCC_WARN_UNDECLARED_SELECTOR = YES;
				GCC_WARN_UNINITIALIZED_AUTOS = YES_AGGRESSIVE;
				GCC_WARN_UNUSED_FUNCTION = YES;
				GCC_WARN_UNUSED_VARIABLE = YES;
				IPHONEOS_DEPLOYMENT_TARGET = 9.3;
				MTL_ENABLE_DEBUG_INFO = YES;
				ONLY_ACTIVE_ARCH = YES;
				SDKROOT = iphoneos;
				SWIFT_OPTIMIZATION_LEVEL = "-Onone";
				TARGETED_DEVICE_FAMILY = "1,2";
			};
			name = Debug;
		};
		3FC926CC1D6FE66000148079 /* Release */ = {
			isa = XCBuildConfiguration;
			buildSettings = {
				ALWAYS_SEARCH_USER_PATHS = NO;
				CLANG_ANALYZER_NONNULL = YES;
				CLANG_CXX_LANGUAGE_STANDARD = "gnu++0x";
				CLANG_CXX_LIBRARY = "libc++";
				CLANG_ENABLE_MODULES = YES;
				CLANG_ENABLE_OBJC_ARC = YES;
				CLANG_WARN_BOOL_CONVERSION = YES;
				CLANG_WARN_CONSTANT_CONVERSION = YES;
				CLANG_WARN_DIRECT_OBJC_ISA_USAGE = YES_ERROR;
				CLANG_WARN_EMPTY_BODY = YES;
				CLANG_WARN_ENUM_CONVERSION = YES;
				CLANG_WARN_INT_CONVERSION = YES;
				CLANG_WARN_OBJC_ROOT_CLASS = YES_ERROR;
				CLANG_WARN_UNREACHABLE_CODE = YES;
				CLANG_WARN__DUPLICATE_METHOD_MATCH = YES;
				"CODE_SIGN_IDENTITY[sdk=iphoneos*]" = "iPhone Developer";
				COPY_PHASE_STRIP = NO;
				DEBUG_INFORMATION_FORMAT = "dwarf-with-dsym";
				ENABLE_NS_ASSERTIONS = NO;
				ENABLE_STRICT_OBJC_MSGSEND = YES;
				GCC_C_LANGUAGE_STANDARD = gnu99;
				GCC_NO_COMMON_BLOCKS = YES;
				GCC_WARN_64_TO_32_BIT_CONVERSION = YES;
				GCC_WARN_ABOUT_RETURN_TYPE = YES_ERROR;
				GCC_WARN_UNDECLARED_SELECTOR = YES;
				GCC_WARN_UNINITIALIZED_AUTOS = YES_AGGRESSIVE;
				GCC_WARN_UNUSED_FUNCTION = YES;
				GCC_WARN_UNUSED_VARIABLE = YES;
				IPHONEOS_DEPLOYMENT_TARGET = 9.3;
				MTL_ENABLE_DEBUG_INFO = NO;
				SDKROOT = iphoneos;
				TARGETED_DEVICE_FAMILY = "1,2";
				VALIDATE_PRODUCT = YES;
			};
			name = Release;
		};
		3FC926CE1D6FE66000148079 /* Debug */ = {
			isa = XCBuildConfiguration;
			buildSettings = {
				ASSETCATALOG_COMPILER_APPICON_NAME = AppIcon;
				CLANG_ENABLE_MODULES = YES;
				INFOPLIST_FILE = LoginDemo/Info.plist;
				LD_RUNPATH_SEARCH_PATHS = "$(inherited) @executable_path/Frameworks";
				PRODUCT_BUNDLE_IDENTIFIER = com.magicalboy.LoginDemo;
				PRODUCT_NAME = "$(TARGET_NAME)";
				SWIFT_OBJC_BRIDGING_HEADER = "LoginDemo/LoginDemo-Bridging-Header.h";
				SWIFT_OPTIMIZATION_LEVEL = "-Onone";
			};
			name = Debug;
		};
		3FC926CF1D6FE66000148079 /* Release */ = {
			isa = XCBuildConfiguration;
			buildSettings = {
				ASSETCATALOG_COMPILER_APPICON_NAME = AppIcon;
				CLANG_ENABLE_MODULES = YES;
				INFOPLIST_FILE = LoginDemo/Info.plist;
				LD_RUNPATH_SEARCH_PATHS = "$(inherited) @executable_path/Frameworks";
				PRODUCT_BUNDLE_IDENTIFIER = com.magicalboy.LoginDemo;
				PRODUCT_NAME = "$(TARGET_NAME)";
				SWIFT_OBJC_BRIDGING_HEADER = "LoginDemo/LoginDemo-Bridging-Header.h";
			};
			name = Release;
		};
		3FC926D11D6FE66000148079 /* Debug */ = {
			isa = XCBuildConfiguration;
			buildSettings = {
				BUNDLE_LOADER = "$(TEST_HOST)";
				INFOPLIST_FILE = LoginDemoTests/Info.plist;
				LD_RUNPATH_SEARCH_PATHS = "$(inherited) @executable_path/Frameworks @loader_path/Frameworks";
				PRODUCT_BUNDLE_IDENTIFIER = com.magicalboy.LoginDemoTests;
				PRODUCT_NAME = "$(TARGET_NAME)";
				TEST_HOST = "$(BUILT_PRODUCTS_DIR)/LoginDemo.app/LoginDemo";
			};
			name = Debug;
		};
		3FC926D21D6FE66000148079 /* Release */ = {
			isa = XCBuildConfiguration;
			buildSettings = {
				BUNDLE_LOADER = "$(TEST_HOST)";
				INFOPLIST_FILE = LoginDemoTests/Info.plist;
				LD_RUNPATH_SEARCH_PATHS = "$(inherited) @executable_path/Frameworks @loader_path/Frameworks";
				PRODUCT_BUNDLE_IDENTIFIER = com.magicalboy.LoginDemoTests;
				PRODUCT_NAME = "$(TARGET_NAME)";
				TEST_HOST = "$(BUILT_PRODUCTS_DIR)/LoginDemo.app/LoginDemo";
			};
			name = Release;
		};
		3FC926D41D6FE66000148079 /* Debug */ = {
			isa = XCBuildConfiguration;
			buildSettings = {
				INFOPLIST_FILE = LoginDemoUITests/Info.plist;
				LD_RUNPATH_SEARCH_PATHS = "$(inherited) @executable_path/Frameworks @loader_path/Frameworks";
				PRODUCT_BUNDLE_IDENTIFIER = com.magicalboy.LoginDemoUITests;
				PRODUCT_NAME = "$(TARGET_NAME)";
				TEST_TARGET_NAME = LoginDemo;
			};
			name = Debug;
		};
		3FC926D51D6FE66000148079 /* Release */ = {
			isa = XCBuildConfiguration;
			buildSettings = {
				INFOPLIST_FILE = LoginDemoUITests/Info.plist;
				LD_RUNPATH_SEARCH_PATHS = "$(inherited) @executable_path/Frameworks @loader_path/Frameworks";
				PRODUCT_BUNDLE_IDENTIFIER = com.magicalboy.LoginDemoUITests;
				PRODUCT_NAME = "$(TARGET_NAME)";
				TEST_TARGET_NAME = LoginDemo;
			};
			name = Release;
		};
/* End XCBuildConfiguration section */

/* Begin XCConfigurationList section */
		3FC9269D1D6FE66000148079 /* Build configuration list for PBXProject "LoginDemo" */ = {
			isa = XCConfigurationList;
			buildConfigurations = (
				3FC926CB1D6FE66000148079 /* Debug */,
				3FC926CC1D6FE66000148079 /* Release */,
			);
			defaultConfigurationIsVisible = 0;
			defaultConfigurationName = Release;
		};
		3FC926CD1D6FE66000148079 /* Build configuration list for PBXNativeTarget "LoginDemo" */ = {
			isa = XCConfigurationList;
			buildConfigurations = (
				3FC926CE1D6FE66000148079 /* Debug */,
				3FC926CF1D6FE66000148079 /* Release */,
			);
			defaultConfigurationIsVisible = 0;
		};
		3FC926D01D6FE66000148079 /* Build configuration list for PBXNativeTarget "LoginDemoTests" */ = {
			isa = XCConfigurationList;
			buildConfigurations = (
				3FC926D11D6FE66000148079 /* Debug */,
				3FC926D21D6FE66000148079 /* Release */,
			);
			defaultConfigurationIsVisible = 0;
		};
		3FC926D31D6FE66000148079 /* Build configuration list for PBXNativeTarget "LoginDemoUITests" */ = {
			isa = XCConfigurationList;
			buildConfigurations = (
				3FC926D41D6FE66000148079 /* Debug */,
				3FC926D51D6FE66000148079 /* Release */,
			);
			defaultConfigurationIsVisible = 0;
		};
/* End XCConfigurationList section */

/* Begin XCVersionGroup section */
		3FC926AC1D6FE66000148079 /* LoginDemo.xcdatamodeld */ = {
			isa = XCVersionGroup;
			children = (
				3FC926AD1D6FE66000148079 /* LoginDemo.xcdatamodel */,
			);
			currentVersion = 3FC926AD1D6FE66000148079 /* LoginDemo.xcdatamodel */;
			path = LoginDemo.xcdatamodeld;
			sourceTree = "<group>";
			versionGroupType = wrapper.xcdatamodel;
		};
/* End XCVersionGroup section */
	};
	rootObject = 3FC9269A1D6FE66000148079 /* Project object */;
}
